
Microsoft Visual Studio Solution File, Format Version 12.00
# Visual Studio Version 17
VisualStudioVersion = 17.9.34728.123
MinimumVisualStudioVersion = 10.0.40219.1
Project("{FAE04EC0-301F-11D3-BF4B-00C04F79EFBC}") = "Test_List", "Test_List\Test_List.csproj", "{1EAD7E5D-57B3-4B78-8E34-C2BF9C85AB79}"
EndProject
Global
	GlobalSection(SolutionConfigurationPlatforms) = preSolution
		Debug|Any CPU = Debug|Any CPU
		Release|Any CPU = Release|Any CPU
	EndGlobalSection
	GlobalSection(ProjectConfigurationPlatforms) = postSolution
		{1EAD7E5D-57B3-4B78-8E34-C2BF9C85AB79}.Debug|Any CPU.ActiveCfg = Debug|Any CPU
		{1EAD7E5D-57B3-4B78-8E34-C2BF9C85AB79}.Debug|Any CPU.Build.0 = Debug|Any CPU
		{1EAD7E5D-57B3-4B78-8E34-C2BF9C85AB79}.Release|Any CPU.ActiveCfg = Release|Any CPU
		{1EAD7E5D-57B3-4B78-8E34-C2BF9C85AB79}.Release|Any CPU.Build.0 = Release|Any CPU
	EndGlobalSection
	GlobalSection(SolutionProperties) = preSolution
		HideSolutionNode = FALSE
	EndGlobalSection
	GlobalSection(ExtensibilityGlobals) = postSolution
		SolutionGuid = {F4A5EA8A-071D-4BF3-9243-F95DCBE8CE9E}
	EndGlobalSection
EndGlobal
